// !$*UTF8*$!
{
	archiveVersion = 1;
	classes = {
	};
	objectVersion = 56;
	objects = {

/* Begin PBXBuildFile section */
		6A3F822429291BAA005F4433 /* GroupTest.swift in Sources */ = {isa = PBXBuildFile; fileRef = 6A3F822329291BAA005F4433 /* GroupTest.swift */; };
		6A3F822629291EB6005F4433 /* GroupTestOne.swift in Sources */ = {isa = PBXBuildFile; fileRef = 6A3F822529291EB6005F4433 /* GroupTestOne.swift */; };
		6A3F822929291FE6005F4433 /* GridTest.swift in Sources */ = {isa = PBXBuildFile; fileRef = 6A3F822829291FE6005F4433 /* GridTest.swift */; };
		6A3F822B292920F6005F4433 /* GridTestOne.swift in Sources */ = {isa = PBXBuildFile; fileRef = 6A3F822A292920F6005F4433 /* GridTestOne.swift */; };
		6A3F822D29292223005F4433 /* GridTestTwo.swift in Sources */ = {isa = PBXBuildFile; fileRef = 6A3F822C29292223005F4433 /* GridTestTwo.swift */; };
		6A3F82302929241F005F4433 /* CustomViewTest.swift in Sources */ = {isa = PBXBuildFile; fileRef = 6A3F822F2929241F005F4433 /* CustomViewTest.swift */; };
		6A3F823329292B6A005F4433 /* CustomLayoutTest.swift in Sources */ = {isa = PBXBuildFile; fileRef = 6A3F823229292B6A005F4433 /* CustomLayoutTest.swift */; };
		6A637D2129141DD200759CFD /* TestColorView.swift in Sources */ = {isa = PBXBuildFile; fileRef = 6A637D2029141DD200759CFD /* TestColorView.swift */; };
		6A637D232914243A00759CFD /* TestColorViewTwo.swift in Sources */ = {isa = PBXBuildFile; fileRef = 6A637D222914243A00759CFD /* TestColorViewTwo.swift */; };
		6A637D2629142F8900759CFD /* TestMaterials.swift in Sources */ = {isa = PBXBuildFile; fileRef = 6A637D2529142F8900759CFD /* TestMaterials.swift */; };
		6A637D2B291433AF00759CFD /* TestImageView.swift in Sources */ = {isa = PBXBuildFile; fileRef = 6A637D2A291433AF00759CFD /* TestImageView.swift */; };
		6A637D2D2914367100759CFD /* TestImageViewTwo.swift in Sources */ = {isa = PBXBuildFile; fileRef = 6A637D2C2914367100759CFD /* TestImageViewTwo.swift */; };
		6A637D2F291439B500759CFD /* TestImageViewThree.swift in Sources */ = {isa = PBXBuildFile; fileRef = 6A637D2E291439B500759CFD /* TestImageViewThree.swift */; };
		6A637D3229143E3D00759CFD /* TestSFSymbols.swift in Sources */ = {isa = PBXBuildFile; fileRef = 6A637D3129143E3D00759CFD /* TestSFSymbols.swift */; };
		6A637D342914417E00759CFD /* TestSFSymbolsTwo.swift in Sources */ = {isa = PBXBuildFile; fileRef = 6A637D332914417E00759CFD /* TestSFSymbolsTwo.swift */; };
		6A637D37291442E500759CFD /* TestEventModifiers.swift in Sources */ = {isa = PBXBuildFile; fileRef = 6A637D36291442E500759CFD /* TestEventModifiers.swift */; };
		6A73480B2929F869001C1C5F /* EnvironmentTest.swift in Sources */ = {isa = PBXBuildFile; fileRef = 6A73480A2929F869001C1C5F /* EnvironmentTest.swift */; };
		6A73480E2929FBDE001C1C5F /* StateTest.swift in Sources */ = {isa = PBXBuildFile; fileRef = 6A73480D2929FBDE001C1C5F /* StateTest.swift */; };
		6A7348112929FDEB001C1C5F /* PropertyWrapperTest.swift in Sources */ = {isa = PBXBuildFile; fileRef = 6A7348102929FDEB001C1C5F /* PropertyWrapperTest.swift */; };
		6A7C03A0291F506300EFE5EB /* TestLayoutZStacks.swift in Sources */ = {isa = PBXBuildFile; fileRef = 6A7C039F291F506300EFE5EB /* TestLayoutZStacks.swift */; };
		6A7C03A2291F540300EFE5EB /* TestMultiLayoutStacks.swift in Sources */ = {isa = PBXBuildFile; fileRef = 6A7C03A1291F540300EFE5EB /* TestMultiLayoutStacks.swift */; };
		6A7C03A4291F555800EFE5EB /* SafeAreaTest.swift in Sources */ = {isa = PBXBuildFile; fileRef = 6A7C03A3291F555800EFE5EB /* SafeAreaTest.swift */; };
		6A7C03A7291F589C00EFE5EB /* SafeAreaTestTwo.swift in Sources */ = {isa = PBXBuildFile; fileRef = 6A7C03A6291F589C00EFE5EB /* SafeAreaTestTwo.swift */; };
		6A7C03AA291F5ABE00EFE5EB /* PrioritiesTest.swift in Sources */ = {isa = PBXBuildFile; fileRef = 6A7C03A9291F5ABE00EFE5EB /* PrioritiesTest.swift */; };
		6A7C03AD291F5E4300EFE5EB /* TestAlignements.swift in Sources */ = {isa = PBXBuildFile; fileRef = 6A7C03AC291F5E4300EFE5EB /* TestAlignements.swift */; };
		6A7CE72B2929D9AE002C57E5 /* GenericViewTest.swift in Sources */ = {isa = PBXBuildFile; fileRef = 6A7CE72A2929D9AE002C57E5 /* GenericViewTest.swift */; };
		6A7CE72D2929DB33002C57E5 /* ViewBuilderTest.swift in Sources */ = {isa = PBXBuildFile; fileRef = 6A7CE72C2929DB33002C57E5 /* ViewBuilderTest.swift */; };
		6A7CE72F2929DBB4002C57E5 /* ViewBuilderTestOne.swift in Sources */ = {isa = PBXBuildFile; fileRef = 6A7CE72E2929DBB4002C57E5 /* ViewBuilderTestOne.swift */; };
		6A7CE7322929DCCE002C57E5 /* PreviewTest.swift in Sources */ = {isa = PBXBuildFile; fileRef = 6A7CE7312929DCCE002C57E5 /* PreviewTest.swift */; };
		6A7E80272930B556007302B7 /* BindingTest.swift in Sources */ = {isa = PBXBuildFile; fileRef = 6A7E80262930B556007302B7 /* BindingTest.swift */; };
		6A7E802A2930BA35007302B7 /* StateStructureTest.swift in Sources */ = {isa = PBXBuildFile; fileRef = 6A7E80292930BA35007302B7 /* StateStructureTest.swift */; };
		6A7E802C2930CD3D007302B7 /* StateStructureTestOne.swift in Sources */ = {isa = PBXBuildFile; fileRef = 6A7E802B2930CD3D007302B7 /* StateStructureTestOne.swift */; };
		6A8B290F291255B100520BDE /* CompleteSwiftUI_UdemyApp.swift in Sources */ = {isa = PBXBuildFile; fileRef = 6A8B290E291255B100520BDE /* CompleteSwiftUI_UdemyApp.swift */; };
		6A8B2911291255B100520BDE /* ContentView.swift in Sources */ = {isa = PBXBuildFile; fileRef = 6A8B2910291255B100520BDE /* ContentView.swift */; };
		6A8B2913291255B400520BDE /* Assets.xcassets in Resources */ = {isa = PBXBuildFile; fileRef = 6A8B2912291255B400520BDE /* Assets.xcassets */; };
		6A8B2916291255B400520BDE /* Preview Assets.xcassets in Resources */ = {isa = PBXBuildFile; fileRef = 6A8B2915291255B400520BDE /* Preview Assets.xcassets */; };
		6A8B2920291255B500520BDE /* CompleteSwiftUI_UdemyTests.swift in Sources */ = {isa = PBXBuildFile; fileRef = 6A8B291F291255B500520BDE /* CompleteSwiftUI_UdemyTests.swift */; };
		6A8B292A291255B500520BDE /* CompleteSwiftUI_UdemyUITests.swift in Sources */ = {isa = PBXBuildFile; fileRef = 6A8B2929291255B500520BDE /* CompleteSwiftUI_UdemyUITests.swift */; };
		6A8B292C291255B500520BDE /* CompleteSwiftUI_UdemyUITestsLaunchTests.swift in Sources */ = {isa = PBXBuildFile; fileRef = 6A8B292B291255B500520BDE /* CompleteSwiftUI_UdemyUITestsLaunchTests.swift */; };
		6A944060291F9CF2002EAA4F /* TestAlignmentOne.swift in Sources */ = {isa = PBXBuildFile; fileRef = 6A94405F291F9CF2002EAA4F /* TestAlignmentOne.swift */; };
		6AA47BD9291EB7AF008574EE /* CustomModifersTest.swift in Sources */ = {isa = PBXBuildFile; fileRef = 6AA47BD8291EB7AF008574EE /* CustomModifersTest.swift */; };
		6AA47BDC291EBC4D008574EE /* TestLayoutStacks.swift in Sources */ = {isa = PBXBuildFile; fileRef = 6AA47BDB291EBC4D008574EE /* TestLayoutStacks.swift */; };
		6AEAF6FE29139CE700E0A9A2 /* TestModifierView.swift in Sources */ = {isa = PBXBuildFile; fileRef = 6AEAF6FD29139CE700E0A9A2 /* TestModifierView.swift */; };
		6AEAF7002913B59400E0A9A2 /* TestModifierViewTwo.swift in Sources */ = {isa = PBXBuildFile; fileRef = 6AEAF6FF2913B59400E0A9A2 /* TestModifierViewTwo.swift */; };
		6AEAF7032913B75800E0A9A2 /* Shalimar-Regular.ttf in Resources */ = {isa = PBXBuildFile; fileRef = 6AEAF7022913B75800E0A9A2 /* Shalimar-Regular.ttf */; };
		6AEAF7072913C86A00E0A9A2 /* TestModifierViewThree.swift in Sources */ = {isa = PBXBuildFile; fileRef = 6AEAF7062913C86A00E0A9A2 /* TestModifierViewThree.swift */; };
/* End PBXBuildFile section */

/* Begin PBXContainerItemProxy section */
		6A8B291C291255B500520BDE /* PBXContainerItemProxy */ = {
			isa = PBXContainerItemProxy;
			containerPortal = 6A8B2903291255B100520BDE /* Project object */;
			proxyType = 1;
			remoteGlobalIDString = 6A8B290A291255B100520BDE;
			remoteInfo = CompleteSwiftUI_Udemy;
		};
		6A8B2926291255B500520BDE /* PBXContainerItemProxy */ = {
			isa = PBXContainerItemProxy;
			containerPortal = 6A8B2903291255B100520BDE /* Project object */;
			proxyType = 1;
			remoteGlobalIDString = 6A8B290A291255B100520BDE;
			remoteInfo = CompleteSwiftUI_Udemy;
		};
/* End PBXContainerItemProxy section */

/* Begin PBXFileReference section */
		6A3F822329291BAA005F4433 /* GroupTest.swift */ = {isa = PBXFileReference; lastKnownFileType = sourcecode.swift; path = GroupTest.swift; sourceTree = "<group>"; };
		6A3F822529291EB6005F4433 /* GroupTestOne.swift */ = {isa = PBXFileReference; lastKnownFileType = sourcecode.swift; path = GroupTestOne.swift; sourceTree = "<group>"; };
		6A3F822829291FE6005F4433 /* GridTest.swift */ = {isa = PBXFileReference; lastKnownFileType = sourcecode.swift; path = GridTest.swift; sourceTree = "<group>"; };
		6A3F822A292920F6005F4433 /* GridTestOne.swift */ = {isa = PBXFileReference; lastKnownFileType = sourcecode.swift; path = GridTestOne.swift; sourceTree = "<group>"; };
		6A3F822C29292223005F4433 /* GridTestTwo.swift */ = {isa = PBXFileReference; lastKnownFileType = sourcecode.swift; path = GridTestTwo.swift; sourceTree = "<group>"; };
		6A3F822F2929241F005F4433 /* CustomViewTest.swift */ = {isa = PBXFileReference; lastKnownFileType = sourcecode.swift; path = CustomViewTest.swift; sourceTree = "<group>"; };
		6A3F823229292B6A005F4433 /* CustomLayoutTest.swift */ = {isa = PBXFileReference; lastKnownFileType = sourcecode.swift; path = CustomLayoutTest.swift; sourceTree = "<group>"; };
		6A637D2029141DD200759CFD /* TestColorView.swift */ = {isa = PBXFileReference; lastKnownFileType = sourcecode.swift; path = TestColorView.swift; sourceTree = "<group>"; };
		6A637D222914243A00759CFD /* TestColorViewTwo.swift */ = {isa = PBXFileReference; lastKnownFileType = sourcecode.swift; path = TestColorViewTwo.swift; sourceTree = "<group>"; };
		6A637D2529142F8900759CFD /* TestMaterials.swift */ = {isa = PBXFileReference; lastKnownFileType = sourcecode.swift; path = TestMaterials.swift; sourceTree = "<group>"; };
		6A637D2A291433AF00759CFD /* TestImageView.swift */ = {isa = PBXFileReference; lastKnownFileType = sourcecode.swift; path = TestImageView.swift; sourceTree = "<group>"; };
		6A637D2C2914367100759CFD /* TestImageViewTwo.swift */ = {isa = PBXFileReference; lastKnownFileType = sourcecode.swift; path = TestImageViewTwo.swift; sourceTree = "<group>"; };
		6A637D2E291439B500759CFD /* TestImageViewThree.swift */ = {isa = PBXFileReference; lastKnownFileType = sourcecode.swift; path = TestImageViewThree.swift; sourceTree = "<group>"; };
		6A637D3129143E3D00759CFD /* TestSFSymbols.swift */ = {isa = PBXFileReference; lastKnownFileType = sourcecode.swift; path = TestSFSymbols.swift; sourceTree = "<group>"; };
		6A637D332914417E00759CFD /* TestSFSymbolsTwo.swift */ = {isa = PBXFileReference; lastKnownFileType = sourcecode.swift; path = TestSFSymbolsTwo.swift; sourceTree = "<group>"; };
		6A637D36291442E500759CFD /* TestEventModifiers.swift */ = {isa = PBXFileReference; lastKnownFileType = sourcecode.swift; path = TestEventModifiers.swift; sourceTree = "<group>"; };
		6A73480A2929F869001C1C5F /* EnvironmentTest.swift */ = {isa = PBXFileReference; lastKnownFileType = sourcecode.swift; path = EnvironmentTest.swift; sourceTree = "<group>"; };
		6A73480D2929FBDE001C1C5F /* StateTest.swift */ = {isa = PBXFileReference; lastKnownFileType = sourcecode.swift; path = StateTest.swift; sourceTree = "<group>"; };
		6A7348102929FDEB001C1C5F /* PropertyWrapperTest.swift */ = {isa = PBXFileReference; lastKnownFileType = sourcecode.swift; path = PropertyWrapperTest.swift; sourceTree = "<group>"; };
		6A7C039F291F506300EFE5EB /* TestLayoutZStacks.swift */ = {isa = PBXFileReference; lastKnownFileType = sourcecode.swift; path = TestLayoutZStacks.swift; sourceTree = "<group>"; };
		6A7C03A1291F540300EFE5EB /* TestMultiLayoutStacks.swift */ = {isa = PBXFileReference; lastKnownFileType = sourcecode.swift; path = TestMultiLayoutStacks.swift; sourceTree = "<group>"; };
		6A7C03A3291F555800EFE5EB /* SafeAreaTest.swift */ = {isa = PBXFileReference; lastKnownFileType = sourcecode.swift; path = SafeAreaTest.swift; sourceTree = "<group>"; };
		6A7C03A6291F589C00EFE5EB /* SafeAreaTestTwo.swift */ = {isa = PBXFileReference; lastKnownFileType = sourcecode.swift; path = SafeAreaTestTwo.swift; sourceTree = "<group>"; };
		6A7C03A9291F5ABE00EFE5EB /* PrioritiesTest.swift */ = {isa = PBXFileReference; lastKnownFileType = sourcecode.swift; path = PrioritiesTest.swift; sourceTree = "<group>"; };
		6A7C03AC291F5E4300EFE5EB /* TestAlignements.swift */ = {isa = PBXFileReference; lastKnownFileType = sourcecode.swift; path = TestAlignements.swift; sourceTree = "<group>"; };
		6A7CE72A2929D9AE002C57E5 /* GenericViewTest.swift */ = {isa = PBXFileReference; lastKnownFileType = sourcecode.swift; path = GenericViewTest.swift; sourceTree = "<group>"; };
		6A7CE72C2929DB33002C57E5 /* ViewBuilderTest.swift */ = {isa = PBXFileReference; lastKnownFileType = sourcecode.swift; path = ViewBuilderTest.swift; sourceTree = "<group>"; };
		6A7CE72E2929DBB4002C57E5 /* ViewBuilderTestOne.swift */ = {isa = PBXFileReference; lastKnownFileType = sourcecode.swift; path = ViewBuilderTestOne.swift; sourceTree = "<group>"; };
		6A7CE7312929DCCE002C57E5 /* PreviewTest.swift */ = {isa = PBXFileReference; lastKnownFileType = sourcecode.swift; path = PreviewTest.swift; sourceTree = "<group>"; };
		6A7E80262930B556007302B7 /* BindingTest.swift */ = {isa = PBXFileReference; lastKnownFileType = sourcecode.swift; path = BindingTest.swift; sourceTree = "<group>"; };
		6A7E80292930BA35007302B7 /* StateStructureTest.swift */ = {isa = PBXFileReference; lastKnownFileType = sourcecode.swift; path = StateStructureTest.swift; sourceTree = "<group>"; };
		6A7E802B2930CD3D007302B7 /* StateStructureTestOne.swift */ = {isa = PBXFileReference; lastKnownFileType = sourcecode.swift; path = StateStructureTestOne.swift; sourceTree = "<group>"; };
		6A8B290B291255B100520BDE /* CompleteSwiftUI_Udemy.app */ = {isa = PBXFileReference; explicitFileType = wrapper.application; includeInIndex = 0; path = CompleteSwiftUI_Udemy.app; sourceTree = BUILT_PRODUCTS_DIR; };
		6A8B290E291255B100520BDE /* CompleteSwiftUI_UdemyApp.swift */ = {isa = PBXFileReference; lastKnownFileType = sourcecode.swift; path = CompleteSwiftUI_UdemyApp.swift; sourceTree = "<group>"; };
		6A8B2910291255B100520BDE /* ContentView.swift */ = {isa = PBXFileReference; lastKnownFileType = sourcecode.swift; path = ContentView.swift; sourceTree = "<group>"; };
		6A8B2912291255B400520BDE /* Assets.xcassets */ = {isa = PBXFileReference; lastKnownFileType = folder.assetcatalog; path = Assets.xcassets; sourceTree = "<group>"; };
		6A8B2915291255B400520BDE /* Preview Assets.xcassets */ = {isa = PBXFileReference; lastKnownFileType = folder.assetcatalog; path = "Preview Assets.xcassets"; sourceTree = "<group>"; };
		6A8B291B291255B500520BDE /* CompleteSwiftUI_UdemyTests.xctest */ = {isa = PBXFileReference; explicitFileType = wrapper.cfbundle; includeInIndex = 0; path = CompleteSwiftUI_UdemyTests.xctest; sourceTree = BUILT_PRODUCTS_DIR; };
		6A8B291F291255B500520BDE /* CompleteSwiftUI_UdemyTests.swift */ = {isa = PBXFileReference; lastKnownFileType = sourcecode.swift; path = CompleteSwiftUI_UdemyTests.swift; sourceTree = "<group>"; };
		6A8B2925291255B500520BDE /* CompleteSwiftUI_UdemyUITests.xctest */ = {isa = PBXFileReference; explicitFileType = wrapper.cfbundle; includeInIndex = 0; path = CompleteSwiftUI_UdemyUITests.xctest; sourceTree = BUILT_PRODUCTS_DIR; };
		6A8B2929291255B500520BDE /* CompleteSwiftUI_UdemyUITests.swift */ = {isa = PBXFileReference; lastKnownFileType = sourcecode.swift; path = CompleteSwiftUI_UdemyUITests.swift; sourceTree = "<group>"; };
		6A8B292B291255B500520BDE /* CompleteSwiftUI_UdemyUITestsLaunchTests.swift */ = {isa = PBXFileReference; lastKnownFileType = sourcecode.swift; path = CompleteSwiftUI_UdemyUITestsLaunchTests.swift; sourceTree = "<group>"; };
		6A94405F291F9CF2002EAA4F /* TestAlignmentOne.swift */ = {isa = PBXFileReference; lastKnownFileType = sourcecode.swift; path = TestAlignmentOne.swift; sourceTree = "<group>"; };
		6AA47BD8291EB7AF008574EE /* CustomModifersTest.swift */ = {isa = PBXFileReference; lastKnownFileType = sourcecode.swift; path = CustomModifersTest.swift; sourceTree = "<group>"; };
		6AA47BDB291EBC4D008574EE /* TestLayoutStacks.swift */ = {isa = PBXFileReference; lastKnownFileType = sourcecode.swift; path = TestLayoutStacks.swift; sourceTree = "<group>"; };
		6AEAF6FD29139CE700E0A9A2 /* TestModifierView.swift */ = {isa = PBXFileReference; lastKnownFileType = sourcecode.swift; path = TestModifierView.swift; sourceTree = "<group>"; };
		6AEAF6FF2913B59400E0A9A2 /* TestModifierViewTwo.swift */ = {isa = PBXFileReference; lastKnownFileType = sourcecode.swift; path = TestModifierViewTwo.swift; sourceTree = "<group>"; };
		6AEAF7022913B75800E0A9A2 /* Shalimar-Regular.ttf */ = {isa = PBXFileReference; lastKnownFileType = file; path = "Shalimar-Regular.ttf"; sourceTree = "<group>"; };
		6AEAF7042913B83000E0A9A2 /* CompleteSwiftUI-Udemy-Info.plist */ = {isa = PBXFileReference; lastKnownFileType = text.plist; path = "CompleteSwiftUI-Udemy-Info.plist"; sourceTree = SOURCE_ROOT; };
		6AEAF7062913C86A00E0A9A2 /* TestModifierViewThree.swift */ = {isa = PBXFileReference; lastKnownFileType = sourcecode.swift; path = TestModifierViewThree.swift; sourceTree = "<group>"; };
/* End PBXFileReference section */

/* Begin PBXFrameworksBuildPhase section */
		6A8B2908291255B100520BDE /* Frameworks */ = {
			isa = PBXFrameworksBuildPhase;
			buildActionMask = 2147483647;
			files = (
			);
			runOnlyForDeploymentPostprocessing = 0;
		};
		6A8B2918291255B500520BDE /* Frameworks */ = {
			isa = PBXFrameworksBuildPhase;
			buildActionMask = 2147483647;
			files = (
			);
			runOnlyForDeploymentPostprocessing = 0;
		};
		6A8B2922291255B500520BDE /* Frameworks */ = {
			isa = PBXFrameworksBuildPhase;
			buildActionMask = 2147483647;
			files = (
			);
			runOnlyForDeploymentPostprocessing = 0;
		};
/* End PBXFrameworksBuildPhase section */

/* Begin PBXGroup section */
		6A3F822229291B99005F4433 /* GroupTest */ = {
			isa = PBXGroup;
			children = (
				6A3F822329291BAA005F4433 /* GroupTest.swift */,
				6A3F822529291EB6005F4433 /* GroupTestOne.swift */,
			);
			path = GroupTest;
			sourceTree = "<group>";
		};
		6A3F822729291FD7005F4433 /* GridTest */ = {
			isa = PBXGroup;
			children = (
				6A3F822829291FE6005F4433 /* GridTest.swift */,
				6A3F822A292920F6005F4433 /* GridTestOne.swift */,
				6A3F822C29292223005F4433 /* GridTestTwo.swift */,
			);
			path = GridTest;
			sourceTree = "<group>";
		};
		6A3F822E2929240C005F4433 /* CustomViewTest */ = {
			isa = PBXGroup;
			children = (
				6A3F822F2929241F005F4433 /* CustomViewTest.swift */,
			);
			path = CustomViewTest;
			sourceTree = "<group>";
		};
		6A3F823129292B47005F4433 /* CustomLayout */ = {
			isa = PBXGroup;
			children = (
				6A3F823229292B6A005F4433 /* CustomLayoutTest.swift */,
			);
			path = CustomLayout;
			sourceTree = "<group>";
		};
		6A637D1F29141D5C00759CFD /* ColorView */ = {
			isa = PBXGroup;
			children = (
				6A637D2029141DD200759CFD /* TestColorView.swift */,
				6A637D222914243A00759CFD /* TestColorViewTwo.swift */,
			);
			path = ColorView;
			sourceTree = "<group>";
		};
		6A637D2429142F7800759CFD /* Materials */ = {
			isa = PBXGroup;
			children = (
				6A637D2529142F8900759CFD /* TestMaterials.swift */,
			);
			path = Materials;
			sourceTree = "<group>";
		};
		6A637D292914338500759CFD /* ImageView */ = {
			isa = PBXGroup;
			children = (
				6A637D2A291433AF00759CFD /* TestImageView.swift */,
				6A637D2C2914367100759CFD /* TestImageViewTwo.swift */,
				6A637D2E291439B500759CFD /* TestImageViewThree.swift */,
			);
			path = ImageView;
			sourceTree = "<group>";
		};
		6A637D3029143E2C00759CFD /* SFSymbols */ = {
			isa = PBXGroup;
			children = (
				6A637D3129143E3D00759CFD /* TestSFSymbols.swift */,
				6A637D332914417E00759CFD /* TestSFSymbolsTwo.swift */,
			);
			path = SFSymbols;
			sourceTree = "<group>";
		};
		6A637D35291442D300759CFD /* EventModifiers */ = {
			isa = PBXGroup;
			children = (
				6A637D36291442E500759CFD /* TestEventModifiers.swift */,
			);
			path = EventModifiers;
			sourceTree = "<group>";
		};
		6A7348092929F852001C1C5F /* EnvironmentTest */ = {
			isa = PBXGroup;
			children = (
				6A73480A2929F869001C1C5F /* EnvironmentTest.swift */,
			);
			path = EnvironmentTest;
			sourceTree = "<group>";
		};
		6A73480C2929FB53001C1C5F /* StateTest */ = {
			isa = PBXGroup;
			children = (
				6A73480D2929FBDE001C1C5F /* StateTest.swift */,
			);
			path = StateTest;
			sourceTree = "<group>";
		};
		6A73480F2929FDD7001C1C5F /* PropertyWrapperTest */ = {
			isa = PBXGroup;
			children = (
				6A7348102929FDEB001C1C5F /* PropertyWrapperTest.swift */,
			);
			path = PropertyWrapperTest;
			sourceTree = "<group>";
		};
		6A7C03A5291F555E00EFE5EB /* SafeAreaTest */ = {
			isa = PBXGroup;
			children = (
				6A7C03A3291F555800EFE5EB /* SafeAreaTest.swift */,
				6A7C03A6291F589C00EFE5EB /* SafeAreaTestTwo.swift */,
			);
			path = SafeAreaTest;
			sourceTree = "<group>";
		};
		6A7C03A8291F5AAB00EFE5EB /* Priorities */ = {
			isa = PBXGroup;
			children = (
				6A7C03A9291F5ABE00EFE5EB /* PrioritiesTest.swift */,
			);
			path = Priorities;
			sourceTree = "<group>";
		};
		6A7C03AB291F5E3000EFE5EB /* AlignmentGuides */ = {
			isa = PBXGroup;
			children = (
				6A7C03AC291F5E4300EFE5EB /* TestAlignements.swift */,
				6A94405F291F9CF2002EAA4F /* TestAlignmentOne.swift */,
			);
			path = AlignmentGuides;
			sourceTree = "<group>";
		};
		6A7CE7292929D99A002C57E5 /* GenericViewTest */ = {
			isa = PBXGroup;
			children = (
				6A7CE72A2929D9AE002C57E5 /* GenericViewTest.swift */,
				6A7CE72C2929DB33002C57E5 /* ViewBuilderTest.swift */,
				6A7CE72E2929DBB4002C57E5 /* ViewBuilderTestOne.swift */,
			);
			path = GenericViewTest;
			sourceTree = "<group>";
		};
		6A7CE7302929DCBD002C57E5 /* PreviewTest */ = {
			isa = PBXGroup;
			children = (
				6A7CE7312929DCCE002C57E5 /* PreviewTest.swift */,
			);
			path = PreviewTest;
			sourceTree = "<group>";
		};
		6A7E80252930B545007302B7 /* BindingTest */ = {
			isa = PBXGroup;
			children = (
				6A7E80262930B556007302B7 /* BindingTest.swift */,
			);
			path = BindingTest;
			sourceTree = "<group>";
		};
		6A7E80282930BA1D007302B7 /* StateStructureTest */ = {
			isa = PBXGroup;
			children = (
				6A7E80292930BA35007302B7 /* StateStructureTest.swift */,
				6A7E802B2930CD3D007302B7 /* StateStructureTestOne.swift */,
			);
			path = StateStructureTest;
			sourceTree = "<group>";
		};
		6A8B2902291255B100520BDE = {
			isa = PBXGroup;
			children = (
				6A8B290D291255B100520BDE /* CompleteSwiftUI_Udemy */,
				6A8B291E291255B500520BDE /* CompleteSwiftUI_UdemyTests */,
				6A8B2928291255B500520BDE /* CompleteSwiftUI_UdemyUITests */,
				6A8B290C291255B100520BDE /* Products */,
			);
			sourceTree = "<group>";
		};
		6A8B290C291255B100520BDE /* Products */ = {
			isa = PBXGroup;
			children = (
				6A8B290B291255B100520BDE /* CompleteSwiftUI_Udemy.app */,
				6A8B291B291255B500520BDE /* CompleteSwiftUI_UdemyTests.xctest */,
				6A8B2925291255B500520BDE /* CompleteSwiftUI_UdemyUITests.xctest */,
			);
			name = Products;
			sourceTree = "<group>";
		};
		6A8B290D291255B100520BDE /* CompleteSwiftUI_Udemy */ = {
			isa = PBXGroup;
			children = (
				6A7E80282930BA1D007302B7 /* StateStructureTest */,
				6A7E80252930B545007302B7 /* BindingTest */,
				6A73480F2929FDD7001C1C5F /* PropertyWrapperTest */,
				6A73480C2929FB53001C1C5F /* StateTest */,
				6A7348092929F852001C1C5F /* EnvironmentTest */,
				6A7CE7302929DCBD002C57E5 /* PreviewTest */,
				6A7CE7292929D99A002C57E5 /* GenericViewTest */,
				6A3F823129292B47005F4433 /* CustomLayout */,
				6A3F822E2929240C005F4433 /* CustomViewTest */,
				6A3F822729291FD7005F4433 /* GridTest */,
				6A3F822229291B99005F4433 /* GroupTest */,
				6A7C03AB291F5E3000EFE5EB /* AlignmentGuides */,
				6A7C03A8291F5AAB00EFE5EB /* Priorities */,
				6A7C03A5291F555E00EFE5EB /* SafeAreaTest */,
				6AA47BDA291EBC35008574EE /* LayoutStacks */,
				6AA47BD7291EB795008574EE /* CustomModifiers */,
				6A637D35291442D300759CFD /* EventModifiers */,
				6A637D3029143E2C00759CFD /* SFSymbols */,
				6A637D292914338500759CFD /* ImageView */,
				6A637D2429142F7800759CFD /* Materials */,
				6A637D1F29141D5C00759CFD /* ColorView */,
				6AEAF7052913C84F00E0A9A2 /* Modifier */,
				6AEAF7042913B83000E0A9A2 /* CompleteSwiftUI-Udemy-Info.plist */,
				6AEAF7012913B74400E0A9A2 /* CustomFont */,
				6A8B290E291255B100520BDE /* CompleteSwiftUI_UdemyApp.swift */,
				6A8B2910291255B100520BDE /* ContentView.swift */,
				6A8B2912291255B400520BDE /* Assets.xcassets */,
				6A8B2914291255B400520BDE /* Preview Content */,
			);
			path = CompleteSwiftUI_Udemy;
			sourceTree = "<group>";
		};
		6A8B2914291255B400520BDE /* Preview Content */ = {
			isa = PBXGroup;
			children = (
				6A8B2915291255B400520BDE /* Preview Assets.xcassets */,
			);
			path = "Preview Content";
			sourceTree = "<group>";
		};
		6A8B291E291255B500520BDE /* CompleteSwiftUI_UdemyTests */ = {
			isa = PBXGroup;
			children = (
				6A8B291F291255B500520BDE /* CompleteSwiftUI_UdemyTests.swift */,
			);
			path = CompleteSwiftUI_UdemyTests;
			sourceTree = "<group>";
		};
		6A8B2928291255B500520BDE /* CompleteSwiftUI_UdemyUITests */ = {
			isa = PBXGroup;
			children = (
				6A8B2929291255B500520BDE /* CompleteSwiftUI_UdemyUITests.swift */,
				6A8B292B291255B500520BDE /* CompleteSwiftUI_UdemyUITestsLaunchTests.swift */,
			);
			path = CompleteSwiftUI_UdemyUITests;
			sourceTree = "<group>";
		};
		6AA47BD7291EB795008574EE /* CustomModifiers */ = {
			isa = PBXGroup;
			children = (
				6AA47BD8291EB7AF008574EE /* CustomModifersTest.swift */,
			);
			path = CustomModifiers;
			sourceTree = "<group>";
		};
		6AA47BDA291EBC35008574EE /* LayoutStacks */ = {
			isa = PBXGroup;
			children = (
				6AA47BDB291EBC4D008574EE /* TestLayoutStacks.swift */,
				6A7C039F291F506300EFE5EB /* TestLayoutZStacks.swift */,
				6A7C03A1291F540300EFE5EB /* TestMultiLayoutStacks.swift */,
			);
			path = LayoutStacks;
			sourceTree = "<group>";
		};
		6AEAF7012913B74400E0A9A2 /* CustomFont */ = {
			isa = PBXGroup;
			children = (
				6AEAF7022913B75800E0A9A2 /* Shalimar-Regular.ttf */,
			);
			path = CustomFont;
			sourceTree = "<group>";
		};
		6AEAF7052913C84F00E0A9A2 /* Modifier */ = {
			isa = PBXGroup;
			children = (
				6AEAF6FD29139CE700E0A9A2 /* TestModifierView.swift */,
				6AEAF6FF2913B59400E0A9A2 /* TestModifierViewTwo.swift */,
				6AEAF7062913C86A00E0A9A2 /* TestModifierViewThree.swift */,
			);
			path = Modifier;
			sourceTree = "<group>";
		};
/* End PBXGroup section */

/* Begin PBXNativeTarget section */
		6A8B290A291255B100520BDE /* CompleteSwiftUI_Udemy */ = {
			isa = PBXNativeTarget;
			buildConfigurationList = 6A8B292F291255B500520BDE /* Build configuration list for PBXNativeTarget "CompleteSwiftUI_Udemy" */;
			buildPhases = (
				6A8B2907291255B100520BDE /* Sources */,
				6A8B2908291255B100520BDE /* Frameworks */,
				6A8B2909291255B100520BDE /* Resources */,
			);
			buildRules = (
			);
			dependencies = (
			);
			name = CompleteSwiftUI_Udemy;
			productName = CompleteSwiftUI_Udemy;
			productReference = 6A8B290B291255B100520BDE /* CompleteSwiftUI_Udemy.app */;
			productType = "com.apple.product-type.application";
		};
		6A8B291A291255B500520BDE /* CompleteSwiftUI_UdemyTests */ = {
			isa = PBXNativeTarget;
			buildConfigurationList = 6A8B2932291255B500520BDE /* Build configuration list for PBXNativeTarget "CompleteSwiftUI_UdemyTests" */;
			buildPhases = (
				6A8B2917291255B500520BDE /* Sources */,
				6A8B2918291255B500520BDE /* Frameworks */,
				6A8B2919291255B500520BDE /* Resources */,
			);
			buildRules = (
			);
			dependencies = (
				6A8B291D291255B500520BDE /* PBXTargetDependency */,
			);
			name = CompleteSwiftUI_UdemyTests;
			productName = CompleteSwiftUI_UdemyTests;
			productReference = 6A8B291B291255B500520BDE /* CompleteSwiftUI_UdemyTests.xctest */;
			productType = "com.apple.product-type.bundle.unit-test";
		};
		6A8B2924291255B500520BDE /* CompleteSwiftUI_UdemyUITests */ = {
			isa = PBXNativeTarget;
			buildConfigurationList = 6A8B2935291255B500520BDE /* Build configuration list for PBXNativeTarget "CompleteSwiftUI_UdemyUITests" */;
			buildPhases = (
				6A8B2921291255B500520BDE /* Sources */,
				6A8B2922291255B500520BDE /* Frameworks */,
				6A8B2923291255B500520BDE /* Resources */,
			);
			buildRules = (
			);
			dependencies = (
				6A8B2927291255B500520BDE /* PBXTargetDependency */,
			);
			name = CompleteSwiftUI_UdemyUITests;
			productName = CompleteSwiftUI_UdemyUITests;
			productReference = 6A8B2925291255B500520BDE /* CompleteSwiftUI_UdemyUITests.xctest */;
			productType = "com.apple.product-type.bundle.ui-testing";
		};
/* End PBXNativeTarget section */

/* Begin PBXProject section */
		6A8B2903291255B100520BDE /* Project object */ = {
			isa = PBXProject;
			attributes = {
				BuildIndependentTargetsInParallel = 1;
				LastSwiftUpdateCheck = 1400;
				LastUpgradeCheck = 1400;
				TargetAttributes = {
					6A8B290A291255B100520BDE = {
						CreatedOnToolsVersion = 14.0.1;
					};
					6A8B291A291255B500520BDE = {
						CreatedOnToolsVersion = 14.0.1;
						TestTargetID = 6A8B290A291255B100520BDE;
					};
					6A8B2924291255B500520BDE = {
						CreatedOnToolsVersion = 14.0.1;
						TestTargetID = 6A8B290A291255B100520BDE;
					};
				};
			};
			buildConfigurationList = 6A8B2906291255B100520BDE /* Build configuration list for PBXProject "CompleteSwiftUI_Udemy" */;
			compatibilityVersion = "Xcode 14.0";
			developmentRegion = en;
			hasScannedForEncodings = 0;
			knownRegions = (
				en,
				Base,
			);
			mainGroup = 6A8B2902291255B100520BDE;
			productRefGroup = 6A8B290C291255B100520BDE /* Products */;
			projectDirPath = "";
			projectRoot = "";
			targets = (
				6A8B290A291255B100520BDE /* CompleteSwiftUI_Udemy */,
				6A8B291A291255B500520BDE /* CompleteSwiftUI_UdemyTests */,
				6A8B2924291255B500520BDE /* CompleteSwiftUI_UdemyUITests */,
			);
		};
/* End PBXProject section */

/* Begin PBXResourcesBuildPhase section */
		6A8B2909291255B100520BDE /* Resources */ = {
			isa = PBXResourcesBuildPhase;
			buildActionMask = 2147483647;
			files = (
				6A8B2916291255B400520BDE /* Preview Assets.xcassets in Resources */,
				6A8B2913291255B400520BDE /* Assets.xcassets in Resources */,
				6AEAF7032913B75800E0A9A2 /* Shalimar-Regular.ttf in Resources */,
			);
			runOnlyForDeploymentPostprocessing = 0;
		};
		6A8B2919291255B500520BDE /* Resources */ = {
			isa = PBXResourcesBuildPhase;
			buildActionMask = 2147483647;
			files = (
			);
			runOnlyForDeploymentPostprocessing = 0;
		};
		6A8B2923291255B500520BDE /* Resources */ = {
			isa = PBXResourcesBuildPhase;
			buildActionMask = 2147483647;
			files = (
			);
			runOnlyForDeploymentPostprocessing = 0;
		};
/* End PBXResourcesBuildPhase section */

/* Begin PBXSourcesBuildPhase section */
		6A8B2907291255B100520BDE /* Sources */ = {
			isa = PBXSourcesBuildPhase;
			buildActionMask = 2147483647;
			files = (
				6A73480B2929F869001C1C5F /* EnvironmentTest.swift in Sources */,
				6A637D3229143E3D00759CFD /* TestSFSymbols.swift in Sources */,
				6A7E802C2930CD3D007302B7 /* StateStructureTestOne.swift in Sources */,
				6A637D342914417E00759CFD /* TestSFSymbolsTwo.swift in Sources */,
				6A3F823329292B6A005F4433 /* CustomLayoutTest.swift in Sources */,
				6A7C03A0291F506300EFE5EB /* TestLayoutZStacks.swift in Sources */,
				6A637D2629142F8900759CFD /* TestMaterials.swift in Sources */,
				6A3F822D29292223005F4433 /* GridTestTwo.swift in Sources */,
				6AA47BD9291EB7AF008574EE /* CustomModifersTest.swift in Sources */,
				6A7CE72B2929D9AE002C57E5 /* GenericViewTest.swift in Sources */,
				6A637D2D2914367100759CFD /* TestImageViewTwo.swift in Sources */,
				6A7C03AA291F5ABE00EFE5EB /* PrioritiesTest.swift in Sources */,
				6A7C03A7291F589C00EFE5EB /* SafeAreaTestTwo.swift in Sources */,
				6A7CE72F2929DBB4002C57E5 /* ViewBuilderTestOne.swift in Sources */,
				6A7CE7322929DCCE002C57E5 /* PreviewTest.swift in Sources */,
				6AEAF7002913B59400E0A9A2 /* TestModifierViewTwo.swift in Sources */,
				6A8B2911291255B100520BDE /* ContentView.swift in Sources */,
				6A637D232914243A00759CFD /* TestColorViewTwo.swift in Sources */,
				6A7C03AD291F5E4300EFE5EB /* TestAlignements.swift in Sources */,
				6AA47BDC291EBC4D008574EE /* TestLayoutStacks.swift in Sources */,
				6A7C03A4291F555800EFE5EB /* SafeAreaTest.swift in Sources */,
				6A637D2129141DD200759CFD /* TestColorView.swift in Sources */,
				6A7CE72D2929DB33002C57E5 /* ViewBuilderTest.swift in Sources */,
				6A3F822929291FE6005F4433 /* GridTest.swift in Sources */,
				6A7E80272930B556007302B7 /* BindingTest.swift in Sources */,
				6AEAF6FE29139CE700E0A9A2 /* TestModifierView.swift in Sources */,
				6A3F822629291EB6005F4433 /* GroupTestOne.swift in Sources */,
				6A637D2F291439B500759CFD /* TestImageViewThree.swift in Sources */,
				6AEAF7072913C86A00E0A9A2 /* TestModifierViewThree.swift in Sources */,
				6A7348112929FDEB001C1C5F /* PropertyWrapperTest.swift in Sources */,
				6A7E802A2930BA35007302B7 /* StateStructureTest.swift in Sources */,
				6A73480E2929FBDE001C1C5F /* StateTest.swift in Sources */,
				6A3F822B292920F6005F4433 /* GridTestOne.swift in Sources */,
				6A637D37291442E500759CFD /* TestEventModifiers.swift in Sources */,
				6A637D2B291433AF00759CFD /* TestImageView.swift in Sources */,
				6A7C03A2291F540300EFE5EB /* TestMultiLayoutStacks.swift in Sources */,
				6A8B290F291255B100520BDE /* CompleteSwiftUI_UdemyApp.swift in Sources */,
				6A944060291F9CF2002EAA4F /* TestAlignmentOne.swift in Sources */,
				6A3F82302929241F005F4433 /* CustomViewTest.swift in Sources */,
				6A3F822429291BAA005F4433 /* GroupTest.swift in Sources */,
			);
			runOnlyForDeploymentPostprocessing = 0;
		};
		6A8B2917291255B500520BDE /* Sources */ = {
			isa = PBXSourcesBuildPhase;
			buildActionMask = 2147483647;
			files = (
				6A8B2920291255B500520BDE /* CompleteSwiftUI_UdemyTests.swift in Sources */,
			);
			runOnlyForDeploymentPostprocessing = 0;
		};
		6A8B2921291255B500520BDE /* Sources */ = {
			isa = PBXSourcesBuildPhase;
			buildActionMask = 2147483647;
			files = (
				6A8B292C291255B500520BDE /* CompleteSwiftUI_UdemyUITestsLaunchTests.swift in Sources */,
				6A8B292A291255B500520BDE /* CompleteSwiftUI_UdemyUITests.swift in Sources */,
			);
			runOnlyForDeploymentPostprocessing = 0;
		};
/* End PBXSourcesBuildPhase section */

/* Begin PBXTargetDependency section */
		6A8B291D291255B500520BDE /* PBXTargetDependency */ = {
			isa = PBXTargetDependency;
			target = 6A8B290A291255B100520BDE /* CompleteSwiftUI_Udemy */;
			targetProxy = 6A8B291C291255B500520BDE /* PBXContainerItemProxy */;
		};
		6A8B2927291255B500520BDE /* PBXTargetDependency */ = {
			isa = PBXTargetDependency;
			target = 6A8B290A291255B100520BDE /* CompleteSwiftUI_Udemy */;
			targetProxy = 6A8B2926291255B500520BDE /* PBXContainerItemProxy */;
		};
/* End PBXTargetDependency section */

/* Begin XCBuildConfiguration section */
		6A8B292D291255B500520BDE /* Debug */ = {
			isa = XCBuildConfiguration;
			buildSettings = {
				ALWAYS_SEARCH_USER_PATHS = NO;
				CLANG_ANALYZER_NONNULL = YES;
				CLANG_ANALYZER_NUMBER_OBJECT_CONVERSION = YES_AGGRESSIVE;
				CLANG_CXX_LANGUAGE_STANDARD = "gnu++20";
				CLANG_ENABLE_MODULES = YES;
				CLANG_ENABLE_OBJC_ARC = YES;
				CLANG_ENABLE_OBJC_WEAK = YES;
				CLANG_WARN_BLOCK_CAPTURE_AUTORELEASING = YES;
				CLANG_WARN_BOOL_CONVERSION = YES;
				CLANG_WARN_COMMA = YES;
				CLANG_WARN_CONSTANT_CONVERSION = YES;
				CLANG_WARN_DEPRECATED_OBJC_IMPLEMENTATIONS = YES;
				CLANG_WARN_DIRECT_OBJC_ISA_USAGE = YES_ERROR;
				CLANG_WARN_DOCUMENTATION_COMMENTS = YES;
				CLANG_WARN_EMPTY_BODY = YES;
				CLANG_WARN_ENUM_CONVERSION = YES;
				CLANG_WARN_INFINITE_RECURSION = YES;
				CLANG_WARN_INT_CONVERSION = YES;
				CLANG_WARN_NON_LITERAL_NULL_CONVERSION = YES;
				CLANG_WARN_OBJC_IMPLICIT_RETAIN_SELF = YES;
				CLANG_WARN_OBJC_LITERAL_CONVERSION = YES;
				CLANG_WARN_OBJC_ROOT_CLASS = YES_ERROR;
				CLANG_WARN_QUOTED_INCLUDE_IN_FRAMEWORK_HEADER = YES;
				CLANG_WARN_RANGE_LOOP_ANALYSIS = YES;
				CLANG_WARN_STRICT_PROTOTYPES = YES;
				CLANG_WARN_SUSPICIOUS_MOVE = YES;
				CLANG_WARN_UNGUARDED_AVAILABILITY = YES_AGGRESSIVE;
				CLANG_WARN_UNREACHABLE_CODE = YES;
				CLANG_WARN__DUPLICATE_METHOD_MATCH = YES;
				COPY_PHASE_STRIP = NO;
				DEBUG_INFORMATION_FORMAT = dwarf;
				ENABLE_STRICT_OBJC_MSGSEND = YES;
				ENABLE_TESTABILITY = YES;
				GCC_C_LANGUAGE_STANDARD = gnu11;
				GCC_DYNAMIC_NO_PIC = NO;
				GCC_NO_COMMON_BLOCKS = YES;
				GCC_OPTIMIZATION_LEVEL = 0;
				GCC_PREPROCESSOR_DEFINITIONS = (
					"DEBUG=1",
					"$(inherited)",
				);
				GCC_WARN_64_TO_32_BIT_CONVERSION = YES;
				GCC_WARN_ABOUT_RETURN_TYPE = YES_ERROR;
				GCC_WARN_UNDECLARED_SELECTOR = YES;
				GCC_WARN_UNINITIALIZED_AUTOS = YES_AGGRESSIVE;
				GCC_WARN_UNUSED_FUNCTION = YES;
				GCC_WARN_UNUSED_VARIABLE = YES;
				IPHONEOS_DEPLOYMENT_TARGET = 16.0;
				MTL_ENABLE_DEBUG_INFO = INCLUDE_SOURCE;
				MTL_FAST_MATH = YES;
				ONLY_ACTIVE_ARCH = YES;
				SDKROOT = iphoneos;
				SWIFT_ACTIVE_COMPILATION_CONDITIONS = DEBUG;
				SWIFT_OPTIMIZATION_LEVEL = "-Onone";
			};
			name = Debug;
		};
		6A8B292E291255B500520BDE /* Release */ = {
			isa = XCBuildConfiguration;
			buildSettings = {
				ALWAYS_SEARCH_USER_PATHS = NO;
				CLANG_ANALYZER_NONNULL = YES;
				CLANG_ANALYZER_NUMBER_OBJECT_CONVERSION = YES_AGGRESSIVE;
				CLANG_CXX_LANGUAGE_STANDARD = "gnu++20";
				CLANG_ENABLE_MODULES = YES;
				CLANG_ENABLE_OBJC_ARC = YES;
				CLANG_ENABLE_OBJC_WEAK = YES;
				CLANG_WARN_BLOCK_CAPTURE_AUTORELEASING = YES;
				CLANG_WARN_BOOL_CONVERSION = YES;
				CLANG_WARN_COMMA = YES;
				CLANG_WARN_CONSTANT_CONVERSION = YES;
				CLANG_WARN_DEPRECATED_OBJC_IMPLEMENTATIONS = YES;
				CLANG_WARN_DIRECT_OBJC_ISA_USAGE = YES_ERROR;
				CLANG_WARN_DOCUMENTATION_COMMENTS = YES;
				CLANG_WARN_EMPTY_BODY = YES;
				CLANG_WARN_ENUM_CONVERSION = YES;
				CLANG_WARN_INFINITE_RECURSION = YES;
				CLANG_WARN_INT_CONVERSION = YES;
				CLANG_WARN_NON_LITERAL_NULL_CONVERSION = YES;
				CLANG_WARN_OBJC_IMPLICIT_RETAIN_SELF = YES;
				CLANG_WARN_OBJC_LITERAL_CONVERSION = YES;
				CLANG_WARN_OBJC_ROOT_CLASS = YES_ERROR;
				CLANG_WARN_QUOTED_INCLUDE_IN_FRAMEWORK_HEADER = YES;
				CLANG_WARN_RANGE_LOOP_ANALYSIS = YES;
				CLANG_WARN_STRICT_PROTOTYPES = YES;
				CLANG_WARN_SUSPICIOUS_MOVE = YES;
				CLANG_WARN_UNGUARDED_AVAILABILITY = YES_AGGRESSIVE;
				CLANG_WARN_UNREACHABLE_CODE = YES;
				CLANG_WARN__DUPLICATE_METHOD_MATCH = YES;
				COPY_PHASE_STRIP = NO;
				DEBUG_INFORMATION_FORMAT = "dwarf-with-dsym";
				ENABLE_NS_ASSERTIONS = NO;
				ENABLE_STRICT_OBJC_MSGSEND = YES;
				GCC_C_LANGUAGE_STANDARD = gnu11;
				GCC_NO_COMMON_BLOCKS = YES;
				GCC_WARN_64_TO_32_BIT_CONVERSION = YES;
				GCC_WARN_ABOUT_RETURN_TYPE = YES_ERROR;
				GCC_WARN_UNDECLARED_SELECTOR = YES;
				GCC_WARN_UNINITIALIZED_AUTOS = YES_AGGRESSIVE;
				GCC_WARN_UNUSED_FUNCTION = YES;
				GCC_WARN_UNUSED_VARIABLE = YES;
				IPHONEOS_DEPLOYMENT_TARGET = 16.0;
				MTL_ENABLE_DEBUG_INFO = NO;
				MTL_FAST_MATH = YES;
				SDKROOT = iphoneos;
				SWIFT_COMPILATION_MODE = wholemodule;
				SWIFT_OPTIMIZATION_LEVEL = "-O";
				VALIDATE_PRODUCT = YES;
			};
			name = Release;
		};
		6A8B2930291255B500520BDE /* Debug */ = {
			isa = XCBuildConfiguration;
			buildSettings = {
				ASSETCATALOG_COMPILER_APPICON_NAME = AppIcon;
				ASSETCATALOG_COMPILER_GLOBAL_ACCENT_COLOR_NAME = AccentColor;
				CODE_SIGN_STYLE = Automatic;
				CURRENT_PROJECT_VERSION = 1;
				DEVELOPMENT_ASSET_PATHS = "\"CompleteSwiftUI_Udemy/Preview Content\"";
				DEVELOPMENT_TEAM = 34K8SKUN9P;
				ENABLE_PREVIEWS = YES;
				GENERATE_INFOPLIST_FILE = YES;
				INFOPLIST_FILE = "CompleteSwiftUI-Udemy-Info.plist";
				INFOPLIST_KEY_UIApplicationSceneManifest_Generation = YES;
				INFOPLIST_KEY_UIApplicationSupportsIndirectInputEvents = YES;
				INFOPLIST_KEY_UILaunchScreen_Generation = YES;
				INFOPLIST_KEY_UISupportedInterfaceOrientations_iPad = "UIInterfaceOrientationPortrait UIInterfaceOrientationPortraitUpsideDown UIInterfaceOrientationLandscapeLeft UIInterfaceOrientationLandscapeRight";
				INFOPLIST_KEY_UISupportedInterfaceOrientations_iPhone = "UIInterfaceOrientationPortrait UIInterfaceOrientationLandscapeLeft UIInterfaceOrientationLandscapeRight";
				LD_RUNPATH_SEARCH_PATHS = (
					"$(inherited)",
					"@executable_path/Frameworks",
				);
				MARKETING_VERSION = 1.0;
				PRODUCT_BUNDLE_IDENTIFIER = "complete.swift.ui.udemy.CompleteSwiftUI-Udemy";
				PRODUCT_NAME = "$(TARGET_NAME)";
				SWIFT_EMIT_LOC_STRINGS = YES;
				SWIFT_VERSION = 5.0;
				TARGETED_DEVICE_FAMILY = "1,2";
			};
			name = Debug;
		};
		6A8B2931291255B500520BDE /* Release */ = {
			isa = XCBuildConfiguration;
			buildSettings = {
				ASSETCATALOG_COMPILER_APPICON_NAME = AppIcon;
				ASSETCATALOG_COMPILER_GLOBAL_ACCENT_COLOR_NAME = AccentColor;
				CODE_SIGN_STYLE = Automatic;
				CURRENT_PROJECT_VERSION = 1;
				DEVELOPMENT_ASSET_PATHS = "\"CompleteSwiftUI_Udemy/Preview Content\"";
				DEVELOPMENT_TEAM = 34K8SKUN9P;
				ENABLE_PREVIEWS = YES;
				GENERATE_INFOPLIST_FILE = YES;
				INFOPLIST_FILE = "CompleteSwiftUI-Udemy-Info.plist";
				INFOPLIST_KEY_UIApplicationSceneManifest_Generation = YES;
				INFOPLIST_KEY_UIApplicationSupportsIndirectInputEvents = YES;
				INFOPLIST_KEY_UILaunchScreen_Generation = YES;
				INFOPLIST_KEY_UISupportedInterfaceOrientations_iPad = "UIInterfaceOrientationPortrait UIInterfaceOrientationPortraitUpsideDown UIInterfaceOrientationLandscapeLeft UIInterfaceOrientationLandscapeRight";
				INFOPLIST_KEY_UISupportedInterfaceOrientations_iPhone = "UIInterfaceOrientationPortrait UIInterfaceOrientationLandscapeLeft UIInterfaceOrientationLandscapeRight";
				LD_RUNPATH_SEARCH_PATHS = (
					"$(inherited)",
					"@executable_path/Frameworks",
				);
				MARKETING_VERSION = 1.0;
				PRODUCT_BUNDLE_IDENTIFIER = "complete.swift.ui.udemy.CompleteSwiftUI-Udemy";
				PRODUCT_NAME = "$(TARGET_NAME)";
				SWIFT_EMIT_LOC_STRINGS = YES;
				SWIFT_VERSION = 5.0;
				TARGETED_DEVICE_FAMILY = "1,2";
			};
			name = Release;
		};
		6A8B2933291255B500520BDE /* Debug */ = {
			isa = XCBuildConfiguration;
			buildSettings = {
				ALWAYS_EMBED_SWIFT_STANDARD_LIBRARIES = YES;
				BUNDLE_LOADER = "$(TEST_HOST)";
				CODE_SIGN_STYLE = Automatic;
				CURRENT_PROJECT_VERSION = 1;
				DEVELOPMENT_TEAM = 34K8SKUN9P;
				GENERATE_INFOPLIST_FILE = YES;
				IPHONEOS_DEPLOYMENT_TARGET = 16.0;
				MARKETING_VERSION = 1.0;
				PRODUCT_BUNDLE_IDENTIFIER = "complete.swift.ui.udemy.CompleteSwiftUI-UdemyTests";
				PRODUCT_NAME = "$(TARGET_NAME)";
				SWIFT_EMIT_LOC_STRINGS = NO;
				SWIFT_VERSION = 5.0;
				TARGETED_DEVICE_FAMILY = "1,2";
				TEST_HOST = "$(BUILT_PRODUCTS_DIR)/CompleteSwiftUI_Udemy.app/$(BUNDLE_EXECUTABLE_FOLDER_PATH)/CompleteSwiftUI_Udemy";
			};
			name = Debug;
		};
		6A8B2934291255B500520BDE /* Release */ = {
			isa = XCBuildConfiguration;
			buildSettings = {
				ALWAYS_EMBED_SWIFT_STANDARD_LIBRARIES = YES;
				BUNDLE_LOADER = "$(TEST_HOST)";
				CODE_SIGN_STYLE = Automatic;
				CURRENT_PROJECT_VERSION = 1;
				DEVELOPMENT_TEAM = 34K8SKUN9P;
				GENERATE_INFOPLIST_FILE = YES;
				IPHONEOS_DEPLOYMENT_TARGET = 16.0;
				MARKETING_VERSION = 1.0;
				PRODUCT_BUNDLE_IDENTIFIER = "complete.swift.ui.udemy.CompleteSwiftUI-UdemyTests";
				PRODUCT_NAME = "$(TARGET_NAME)";
				SWIFT_EMIT_LOC_STRINGS = NO;
				SWIFT_VERSION = 5.0;
				TARGETED_DEVICE_FAMILY = "1,2";
				TEST_HOST = "$(BUILT_PRODUCTS_DIR)/CompleteSwiftUI_Udemy.app/$(BUNDLE_EXECUTABLE_FOLDER_PATH)/CompleteSwiftUI_Udemy";
			};
			name = Release;
		};
		6A8B2936291255B500520BDE /* Debug */ = {
			isa = XCBuildConfiguration;
			buildSettings = {
				ALWAYS_EMBED_SWIFT_STANDARD_LIBRARIES = YES;
				CODE_SIGN_STYLE = Automatic;
				CURRENT_PROJECT_VERSION = 1;
				DEVELOPMENT_TEAM = 34K8SKUN9P;
				GENERATE_INFOPLIST_FILE = YES;
				MARKETING_VERSION = 1.0;
				PRODUCT_BUNDLE_IDENTIFIER = "complete.swift.ui.udemy.CompleteSwiftUI-UdemyUITests";
				PRODUCT_NAME = "$(TARGET_NAME)";
				SWIFT_EMIT_LOC_STRINGS = NO;
				SWIFT_VERSION = 5.0;
				TARGETED_DEVICE_FAMILY = "1,2";
				TEST_TARGET_NAME = CompleteSwiftUI_Udemy;
			};
			name = Debug;
		};
		6A8B2937291255B500520BDE /* Release */ = {
			isa = XCBuildConfiguration;
			buildSettings = {
				ALWAYS_EMBED_SWIFT_STANDARD_LIBRARIES = YES;
				CODE_SIGN_STYLE = Automatic;
				CURRENT_PROJECT_VERSION = 1;
				DEVELOPMENT_TEAM = 34K8SKUN9P;
				GENERATE_INFOPLIST_FILE = YES;
				MARKETING_VERSION = 1.0;
				PRODUCT_BUNDLE_IDENTIFIER = "complete.swift.ui.udemy.CompleteSwiftUI-UdemyUITests";
				PRODUCT_NAME = "$(TARGET_NAME)";
				SWIFT_EMIT_LOC_STRINGS = NO;
				SWIFT_VERSION = 5.0;
				TARGETED_DEVICE_FAMILY = "1,2";
				TEST_TARGET_NAME = CompleteSwiftUI_Udemy;
			};
			name = Release;
		};
/* End XCBuildConfiguration section */

/* Begin XCConfigurationList section */
		6A8B2906291255B100520BDE /* Build configuration list for PBXProject "CompleteSwiftUI_Udemy" */ = {
			isa = XCConfigurationList;
			buildConfigurations = (
				6A8B292D291255B500520BDE /* Debug */,
				6A8B292E291255B500520BDE /* Release */,
			);
			defaultConfigurationIsVisible = 0;
			defaultConfigurationName = Release;
		};
		6A8B292F291255B500520BDE /* Build configuration list for PBXNativeTarget "CompleteSwiftUI_Udemy" */ = {
			isa = XCConfigurationList;
			buildConfigurations = (
				6A8B2930291255B500520BDE /* Debug */,
				6A8B2931291255B500520BDE /* Release */,
			);
			defaultConfigurationIsVisible = 0;
			defaultConfigurationName = Release;
		};
		6A8B2932291255B500520BDE /* Build configuration list for PBXNativeTarget "CompleteSwiftUI_UdemyTests" */ = {
			isa = XCConfigurationList;
			buildConfigurations = (
				6A8B2933291255B500520BDE /* Debug */,
				6A8B2934291255B500520BDE /* Release */,
			);
			defaultConfigurationIsVisible = 0;
			defaultConfigurationName = Release;
		};
		6A8B2935291255B500520BDE /* Build configuration list for PBXNativeTarget "CompleteSwiftUI_UdemyUITests" */ = {
			isa = XCConfigurationList;
			buildConfigurations = (
				6A8B2936291255B500520BDE /* Debug */,
				6A8B2937291255B500520BDE /* Release */,
			);
			defaultConfigurationIsVisible = 0;
			defaultConfigurationName = Release;
		};
/* End XCConfigurationList section */
	};
	rootObject = 6A8B2903291255B100520BDE /* Project object */;
}
